// !$*UTF8*$!
{
	archiveVersion = 1;
	classes = {
	};
	objectVersion = 46;
	objects = {

/* Begin PBXBuildFile section */
		685634381D40D5AE00DB70B0 /* AppDelegate.swift in Sources */ = {isa = PBXBuildFile; fileRef = 685634371D40D5AE00DB70B0 /* AppDelegate.swift */; };
		6856343A1D40D5AE00DB70B0 /* ViewController.swift in Sources */ = {isa = PBXBuildFile; fileRef = 685634391D40D5AE00DB70B0 /* ViewController.swift */; };
		6856343D1D40D5AE00DB70B0 /* Main.storyboard in Resources */ = {isa = PBXBuildFile; fileRef = 6856343B1D40D5AE00DB70B0 /* Main.storyboard */; };
		6856343F1D40D5AE00DB70B0 /* Assets.xcassets in Resources */ = {isa = PBXBuildFile; fileRef = 6856343E1D40D5AE00DB70B0 /* Assets.xcassets */; };
		685634421D40D5AE00DB70B0 /* LaunchScreen.storyboard in Resources */ = {isa = PBXBuildFile; fileRef = 685634401D40D5AE00DB70B0 /* LaunchScreen.storyboard */; };
		6856344D1D40D5AE00DB70B0 /* ORSSRSTests.swift in Sources */ = {isa = PBXBuildFile; fileRef = 6856344C1D40D5AE00DB70B0 /* ORSSRSTests.swift */; };
		685634581D40D5AE00DB70B0 /* ORSSRSUITests.swift in Sources */ = {isa = PBXBuildFile; fileRef = 685634571D40D5AE00DB70B0 /* ORSSRSUITests.swift */; };
		6856346C1D40D69500DB70B0 /* NotificationCenter.framework in Frameworks */ = {isa = PBXBuildFile; fileRef = 6856346B1D40D69500DB70B0 /* NotificationCenter.framework */; };
		6856346F1D40D69500DB70B0 /* TodayViewController.swift in Sources */ = {isa = PBXBuildFile; fileRef = 6856346E1D40D69500DB70B0 /* TodayViewController.swift */; };
		685634721D40D69500DB70B0 /* MainInterface.storyboard in Resources */ = {isa = PBXBuildFile; fileRef = 685634701D40D69500DB70B0 /* MainInterface.storyboard */; };
		685634761D40D69500DB70B0 /* ORSSRS Widget.appex in Embed App Extensions */ = {isa = PBXBuildFile; fileRef = 685634691D40D69500DB70B0 /* ORSSRS Widget.appex */; settings = {ATTRIBUTES = (RemoveHeadersOnCopy, ); }; };
/* End PBXBuildFile section */

/* Begin PBXContainerItemProxy section */
		685634491D40D5AE00DB70B0 /* PBXContainerItemProxy */ = {
			isa = PBXContainerItemProxy;
			containerPortal = 6856342C1D40D5AE00DB70B0 /* Project object */;
			proxyType = 1;
			remoteGlobalIDString = 685634331D40D5AE00DB70B0;
			remoteInfo = ORSSRS;
		};
		685634541D40D5AE00DB70B0 /* PBXContainerItemProxy */ = {
			isa = PBXContainerItemProxy;
			containerPortal = 6856342C1D40D5AE00DB70B0 /* Project object */;
			proxyType = 1;
			remoteGlobalIDString = 685634331D40D5AE00DB70B0;
			remoteInfo = ORSSRS;
		};
		685634741D40D69500DB70B0 /* PBXContainerItemProxy */ = {
			isa = PBXContainerItemProxy;
			containerPortal = 6856342C1D40D5AE00DB70B0 /* Project object */;
			proxyType = 1;
			remoteGlobalIDString = 685634681D40D69500DB70B0;
			remoteInfo = "ORSSRS Widget";
		};
/* End PBXContainerItemProxy section */

/* Begin PBXCopyFilesBuildPhase section */
		6856347A1D40D69500DB70B0 /* Embed App Extensions */ = {
			isa = PBXCopyFilesBuildPhase;
			buildActionMask = 2147483647;
			dstPath = "";
			dstSubfolderSpec = 13;
			files = (
				685634761D40D69500DB70B0 /* ORSSRS Widget.appex in Embed App Extensions */,
			);
			name = "Embed App Extensions";
			runOnlyForDeploymentPostprocessing = 0;
		};
/* End PBXCopyFilesBuildPhase section */

/* Begin PBXFileReference section */
		685634341D40D5AE00DB70B0 /* ORSSRS.app */ = {isa = PBXFileReference; explicitFileType = wrapper.application; includeInIndex = 0; path = ORSSRS.app; sourceTree = BUILT_PRODUCTS_DIR; };
		685634371D40D5AE00DB70B0 /* AppDelegate.swift */ = {isa = PBXFileReference; lastKnownFileType = sourcecode.swift; path = AppDelegate.swift; sourceTree = "<group>"; };
		685634391D40D5AE00DB70B0 /* ViewController.swift */ = {isa = PBXFileReference; lastKnownFileType = sourcecode.swift; path = ViewController.swift; sourceTree = "<group>"; };
		6856343C1D40D5AE00DB70B0 /* Base */ = {isa = PBXFileReference; lastKnownFileType = file.storyboard; name = Base; path = Base.lproj/Main.storyboard; sourceTree = "<group>"; };
		6856343E1D40D5AE00DB70B0 /* Assets.xcassets */ = {isa = PBXFileReference; lastKnownFileType = folder.assetcatalog; path = Assets.xcassets; sourceTree = "<group>"; };
		685634411D40D5AE00DB70B0 /* Base */ = {isa = PBXFileReference; lastKnownFileType = file.storyboard; name = Base; path = Base.lproj/LaunchScreen.storyboard; sourceTree = "<group>"; };
		685634431D40D5AE00DB70B0 /* Info.plist */ = {isa = PBXFileReference; lastKnownFileType = text.plist.xml; path = Info.plist; sourceTree = "<group>"; };
		685634481D40D5AE00DB70B0 /* ORSSRSTests.xctest */ = {isa = PBXFileReference; explicitFileType = wrapper.cfbundle; includeInIndex = 0; path = ORSSRSTests.xctest; sourceTree = BUILT_PRODUCTS_DIR; };
		6856344C1D40D5AE00DB70B0 /* ORSSRSTests.swift */ = {isa = PBXFileReference; lastKnownFileType = sourcecode.swift; path = ORSSRSTests.swift; sourceTree = "<group>"; };
		6856344E1D40D5AE00DB70B0 /* Info.plist */ = {isa = PBXFileReference; lastKnownFileType = text.plist.xml; path = Info.plist; sourceTree = "<group>"; };
		685634531D40D5AE00DB70B0 /* ORSSRSUITests.xctest */ = {isa = PBXFileReference; explicitFileType = wrapper.cfbundle; includeInIndex = 0; path = ORSSRSUITests.xctest; sourceTree = BUILT_PRODUCTS_DIR; };
		685634571D40D5AE00DB70B0 /* ORSSRSUITests.swift */ = {isa = PBXFileReference; lastKnownFileType = sourcecode.swift; path = ORSSRSUITests.swift; sourceTree = "<group>"; };
		685634591D40D5AE00DB70B0 /* Info.plist */ = {isa = PBXFileReference; lastKnownFileType = text.plist.xml; path = Info.plist; sourceTree = "<group>"; };
		685634691D40D69500DB70B0 /* ORSSRS Widget.appex */ = {isa = PBXFileReference; explicitFileType = "wrapper.app-extension"; includeInIndex = 0; path = "ORSSRS Widget.appex"; sourceTree = BUILT_PRODUCTS_DIR; };
		6856346B1D40D69500DB70B0 /* NotificationCenter.framework */ = {isa = PBXFileReference; lastKnownFileType = wrapper.framework; name = NotificationCenter.framework; path = System/Library/Frameworks/NotificationCenter.framework; sourceTree = SDKROOT; };
		6856346E1D40D69500DB70B0 /* TodayViewController.swift */ = {isa = PBXFileReference; lastKnownFileType = sourcecode.swift; path = TodayViewController.swift; sourceTree = "<group>"; };
		685634711D40D69500DB70B0 /* Base */ = {isa = PBXFileReference; lastKnownFileType = file.storyboard; name = Base; path = Base.lproj/MainInterface.storyboard; sourceTree = "<group>"; };
		685634731D40D69500DB70B0 /* Info.plist */ = {isa = PBXFileReference; lastKnownFileType = text.plist.xml; path = Info.plist; sourceTree = "<group>"; };
/* End PBXFileReference section */

/* Begin PBXFrameworksBuildPhase section */
		685634311D40D5AE00DB70B0 /* Frameworks */ = {
			isa = PBXFrameworksBuildPhase;
			buildActionMask = 2147483647;
			files = (
			);
			runOnlyForDeploymentPostprocessing = 0;
		};
		685634451D40D5AE00DB70B0 /* Frameworks */ = {
			isa = PBXFrameworksBuildPhase;
			buildActionMask = 2147483647;
			files = (
			);
			runOnlyForDeploymentPostprocessing = 0;
		};
		685634501D40D5AE00DB70B0 /* Frameworks */ = {
			isa = PBXFrameworksBuildPhase;
			buildActionMask = 2147483647;
			files = (
			);
			runOnlyForDeploymentPostprocessing = 0;
		};
		685634661D40D69500DB70B0 /* Frameworks */ = {
			isa = PBXFrameworksBuildPhase;
			buildActionMask = 2147483647;
			files = (
				6856346C1D40D69500DB70B0 /* NotificationCenter.framework in Frameworks */,
			);
			runOnlyForDeploymentPostprocessing = 0;
		};
/* End PBXFrameworksBuildPhase section */

/* Begin PBXGroup section */
		6856342B1D40D5AE00DB70B0 = {
			isa = PBXGroup;
			children = (
				685634361D40D5AE00DB70B0 /* ORSSRS */,
				6856344B1D40D5AE00DB70B0 /* ORSSRSTests */,
				685634561D40D5AE00DB70B0 /* ORSSRSUITests */,
				6856346D1D40D69500DB70B0 /* ORSSRS Widget */,
				6856346A1D40D69500DB70B0 /* Frameworks */,
				685634351D40D5AE00DB70B0 /* Products */,
			);
			sourceTree = "<group>";
		};
		685634351D40D5AE00DB70B0 /* Products */ = {
			isa = PBXGroup;
			children = (
				685634341D40D5AE00DB70B0 /* ORSSRS.app */,
				685634481D40D5AE00DB70B0 /* ORSSRSTests.xctest */,
				685634531D40D5AE00DB70B0 /* ORSSRSUITests.xctest */,
				685634691D40D69500DB70B0 /* ORSSRS Widget.appex */,
			);
			name = Products;
			sourceTree = "<group>";
		};
		685634361D40D5AE00DB70B0 /* ORSSRS */ = {
			isa = PBXGroup;
			children = (
				685634371D40D5AE00DB70B0 /* AppDelegate.swift */,
				685634391D40D5AE00DB70B0 /* ViewController.swift */,
				6856343B1D40D5AE00DB70B0 /* Main.storyboard */,
				6856343E1D40D5AE00DB70B0 /* Assets.xcassets */,
				685634401D40D5AE00DB70B0 /* LaunchScreen.storyboard */,
				685634431D40D5AE00DB70B0 /* Info.plist */,
			);
			path = ORSSRS;
			sourceTree = "<group>";
		};
		6856344B1D40D5AE00DB70B0 /* ORSSRSTests */ = {
			isa = PBXGroup;
			children = (
				6856344C1D40D5AE00DB70B0 /* ORSSRSTests.swift */,
				6856344E1D40D5AE00DB70B0 /* Info.plist */,
			);
			path = ORSSRSTests;
			sourceTree = "<group>";
		};
		685634561D40D5AE00DB70B0 /* ORSSRSUITests */ = {
			isa = PBXGroup;
			children = (
				685634571D40D5AE00DB70B0 /* ORSSRSUITests.swift */,
				685634591D40D5AE00DB70B0 /* Info.plist */,
			);
			path = ORSSRSUITests;
			sourceTree = "<group>";
		};
		6856346A1D40D69500DB70B0 /* Frameworks */ = {
			isa = PBXGroup;
			children = (
				6856346B1D40D69500DB70B0 /* NotificationCenter.framework */,
			);
			name = Frameworks;
			sourceTree = "<group>";
		};
		6856346D1D40D69500DB70B0 /* ORSSRS Widget */ = {
			isa = PBXGroup;
			children = (
				6856346E1D40D69500DB70B0 /* TodayViewController.swift */,
				685634701D40D69500DB70B0 /* MainInterface.storyboard */,
				685634731D40D69500DB70B0 /* Info.plist */,
			);
			path = "ORSSRS Widget";
			sourceTree = "<group>";
		};
/* End PBXGroup section */

/* Begin PBXNativeTarget section */
		685634331D40D5AE00DB70B0 /* ORSSRS */ = {
			isa = PBXNativeTarget;
			buildConfigurationList = 6856345C1D40D5AE00DB70B0 /* Build configuration list for PBXNativeTarget "ORSSRS" */;
			buildPhases = (
				685634301D40D5AE00DB70B0 /* Sources */,
				685634311D40D5AE00DB70B0 /* Frameworks */,
				685634321D40D5AE00DB70B0 /* Resources */,
				6856347A1D40D69500DB70B0 /* Embed App Extensions */,
			);
			buildRules = (
			);
			dependencies = (
				685634751D40D69500DB70B0 /* PBXTargetDependency */,
			);
			name = ORSSRS;
			productName = ORSSRS;
			productReference = 685634341D40D5AE00DB70B0 /* ORSSRS.app */;
			productType = "com.apple.product-type.application";
		};
		685634471D40D5AE00DB70B0 /* ORSSRSTests */ = {
			isa = PBXNativeTarget;
			buildConfigurationList = 6856345F1D40D5AE00DB70B0 /* Build configuration list for PBXNativeTarget "ORSSRSTests" */;
			buildPhases = (
				685634441D40D5AE00DB70B0 /* Sources */,
				685634451D40D5AE00DB70B0 /* Frameworks */,
				685634461D40D5AE00DB70B0 /* Resources */,
			);
			buildRules = (
			);
			dependencies = (
				6856344A1D40D5AE00DB70B0 /* PBXTargetDependency */,
			);
			name = ORSSRSTests;
			productName = ORSSRSTests;
			productReference = 685634481D40D5AE00DB70B0 /* ORSSRSTests.xctest */;
			productType = "com.apple.product-type.bundle.unit-test";
		};
		685634521D40D5AE00DB70B0 /* ORSSRSUITests */ = {
			isa = PBXNativeTarget;
			buildConfigurationList = 685634621D40D5AE00DB70B0 /* Build configuration list for PBXNativeTarget "ORSSRSUITests" */;
			buildPhases = (
				6856344F1D40D5AE00DB70B0 /* Sources */,
				685634501D40D5AE00DB70B0 /* Frameworks */,
				685634511D40D5AE00DB70B0 /* Resources */,
			);
			buildRules = (
			);
			dependencies = (
				685634551D40D5AE00DB70B0 /* PBXTargetDependency */,
			);
			name = ORSSRSUITests;
			productName = ORSSRSUITests;
			productReference = 685634531D40D5AE00DB70B0 /* ORSSRSUITests.xctest */;
			productType = "com.apple.product-type.bundle.ui-testing";
		};
		685634681D40D69500DB70B0 /* ORSSRS Widget */ = {
			isa = PBXNativeTarget;
			buildConfigurationList = 685634771D40D69500DB70B0 /* Build configuration list for PBXNativeTarget "ORSSRS Widget" */;
			buildPhases = (
				685634651D40D69500DB70B0 /* Sources */,
				685634661D40D69500DB70B0 /* Frameworks */,
				685634671D40D69500DB70B0 /* Resources */,
			);
			buildRules = (
			);
			dependencies = (
			);
			name = "ORSSRS Widget";
			productName = "ORSSRS Widget";
			productReference = 685634691D40D69500DB70B0 /* ORSSRS Widget.appex */;
			productType = "com.apple.product-type.app-extension";
		};
/* End PBXNativeTarget section */

/* Begin PBXProject section */
		6856342C1D40D5AE00DB70B0 /* Project object */ = {
			isa = PBXProject;
			attributes = {
				LastSwiftUpdateCheck = 0730;
				LastUpgradeCheck = 0730;
				ORGANIZATIONNAME = maz;
				TargetAttributes = {
					685634331D40D5AE00DB70B0 = {
						CreatedOnToolsVersion = 7.3.1;
					};
					685634471D40D5AE00DB70B0 = {
						CreatedOnToolsVersion = 7.3.1;
						TestTargetID = 685634331D40D5AE00DB70B0;
					};
					685634521D40D5AE00DB70B0 = {
						CreatedOnToolsVersion = 7.3.1;
						TestTargetID = 685634331D40D5AE00DB70B0;
					};
					685634681D40D69500DB70B0 = {
						CreatedOnToolsVersion = 7.3.1;
					};
				};
			};
			buildConfigurationList = 6856342F1D40D5AE00DB70B0 /* Build configuration list for PBXProject "ORSSRS" */;
			compatibilityVersion = "Xcode 3.2";
			developmentRegion = English;
			hasScannedForEncodings = 0;
			knownRegions = (
				en,
				Base,
			);
			mainGroup = 6856342B1D40D5AE00DB70B0;
			productRefGroup = 685634351D40D5AE00DB70B0 /* Products */;
			projectDirPath = "";
			projectRoot = "";
			targets = (
				685634331D40D5AE00DB70B0 /* ORSSRS */,
				685634471D40D5AE00DB70B0 /* ORSSRSTests */,
				685634521D40D5AE00DB70B0 /* ORSSRSUITests */,
				685634681D40D69500DB70B0 /* ORSSRS Widget */,
			);
		};
/* End PBXProject section */

/* Begin PBXResourcesBuildPhase section */
		685634321D40D5AE00DB70B0 /* Resources */ = {
			isa = PBXResourcesBuildPhase;
			buildActionMask = 2147483647;
			files = (
				685634421D40D5AE00DB70B0 /* LaunchScreen.storyboard in Resources */,
				6856343F1D40D5AE00DB70B0 /* Assets.xcassets in Resources */,
				6856343D1D40D5AE00DB70B0 /* Main.storyboard in Resources */,
			);
			runOnlyForDeploymentPostprocessing = 0;
		};
		685634461D40D5AE00DB70B0 /* Resources */ = {
			isa = PBXResourcesBuildPhase;
			buildActionMask = 2147483647;
			files = (
			);
			runOnlyForDeploymentPostprocessing = 0;
		};
		685634511D40D5AE00DB70B0 /* Resources */ = {
			isa = PBXResourcesBuildPhase;
			buildActionMask = 2147483647;
			files = (
			);
			runOnlyForDeploymentPostprocessing = 0;
		};
		685634671D40D69500DB70B0 /* Resources */ = {
			isa = PBXResourcesBuildPhase;
			buildActionMask = 2147483647;
			files = (
				685634721D40D69500DB70B0 /* MainInterface.storyboard in Resources */,
			);
			runOnlyForDeploymentPostprocessing = 0;
		};
/* End PBXResourcesBuildPhase section */

/* Begin PBXSourcesBuildPhase section */
		685634301D40D5AE00DB70B0 /* Sources */ = {
			isa = PBXSourcesBuildPhase;
			buildActionMask = 2147483647;
			files = (
				6856343A1D40D5AE00DB70B0 /* ViewController.swift in Sources */,
				685634381D40D5AE00DB70B0 /* AppDelegate.swift in Sources */,
			);
			runOnlyForDeploymentPostprocessing = 0;
		};
		685634441D40D5AE00DB70B0 /* Sources */ = {
			isa = PBXSourcesBuildPhase;
			buildActionMask = 2147483647;
			files = (
				6856344D1D40D5AE00DB70B0 /* ORSSRSTests.swift in Sources */,
			);
			runOnlyForDeploymentPostprocessing = 0;
		};
		6856344F1D40D5AE00DB70B0 /* Sources */ = {
			isa = PBXSourcesBuildPhase;
			buildActionMask = 2147483647;
			files = (
				685634581D40D5AE00DB70B0 /* ORSSRSUITests.swift in Sources */,
			);
			runOnlyForDeploymentPostprocessing = 0;
		};
		685634651D40D69500DB70B0 /* Sources */ = {
			isa = PBXSourcesBuildPhase;
			buildActionMask = 2147483647;
			files = (
				6856346F1D40D69500DB70B0 /* TodayViewController.swift in Sources */,
			);
			runOnlyForDeploymentPostprocessing = 0;
		};
/* End PBXSourcesBuildPhase section */

/* Begin PBXTargetDependency section */
		6856344A1D40D5AE00DB70B0 /* PBXTargetDependency */ = {
			isa = PBXTargetDependency;
			target = 685634331D40D5AE00DB70B0 /* ORSSRS */;
			targetProxy = 685634491D40D5AE00DB70B0 /* PBXContainerItemProxy */;
		};
		685634551D40D5AE00DB70B0 /* PBXTargetDependency */ = {
			isa = PBXTargetDependency;
			target = 685634331D40D5AE00DB70B0 /* ORSSRS */;
			targetProxy = 685634541D40D5AE00DB70B0 /* PBXContainerItemProxy */;
		};
		685634751D40D69500DB70B0 /* PBXTargetDependency */ = {
			isa = PBXTargetDependency;
			target = 685634681D40D69500DB70B0 /* ORSSRS Widget */;
			targetProxy = 685634741D40D69500DB70B0 /* PBXContainerItemProxy */;
		};
/* End PBXTargetDependency section */

/* Begin PBXVariantGroup section */
		6856343B1D40D5AE00DB70B0 /* Main.storyboard */ = {
			isa = PBXVariantGroup;
			children = (
				6856343C1D40D5AE00DB70B0 /* Base */,
			);
			name = Main.storyboard;
			sourceTree = "<group>";
		};
		685634401D40D5AE00DB70B0 /* LaunchScreen.storyboard */ = {
			isa = PBXVariantGroup;
			children = (
				685634411D40D5AE00DB70B0 /* Base */,
			);
			name = LaunchScreen.storyboard;
			sourceTree = "<group>";
		};
		685634701D40D69500DB70B0 /* MainInterface.storyboard */ = {
			isa = PBXVariantGroup;
			children = (
				685634711D40D69500DB70B0 /* Base */,
			);
			name = MainInterface.storyboard;
			sourceTree = "<group>";
		};
/* End PBXVariantGroup section */

/* Begin XCBuildConfiguration section */
		6856345A1D40D5AE00DB70B0 /* Debug */ = {
			isa = XCBuildConfiguration;
			buildSettings = {
				ALWAYS_SEARCH_USER_PATHS = NO;
				CLANG_ANALYZER_NONNULL = YES;
				CLANG_CXX_LANGUAGE_STANDARD = "gnu++0x";
				CLANG_CXX_LIBRARY = "libc++";
				CLANG_ENABLE_MODULES = YES;
				CLANG_ENABLE_OBJC_ARC = YES;
				CLANG_WARN_BOOL_CONVERSION = YES;
				CLANG_WARN_CONSTANT_CONVERSION = YES;
				CLANG_WARN_DIRECT_OBJC_ISA_USAGE = YES_ERROR;
				CLANG_WARN_EMPTY_BODY = YES;
				CLANG_WARN_ENUM_CONVERSION = YES;
				CLANG_WARN_INT_CONVERSION = YES;
				CLANG_WARN_OBJC_ROOT_CLASS = YES_ERROR;
				CLANG_WARN_UNREACHABLE_CODE = YES;
				CLANG_WARN__DUPLICATE_METHOD_MATCH = YES;
				"CODE_SIGN_IDENTITY[sdk=iphoneos*]" = "iPhone Developer";
				COPY_PHASE_STRIP = NO;
				DEBUG_INFORMATION_FORMAT = dwarf;
				ENABLE_STRICT_OBJC_MSGSEND = YES;
				ENABLE_TESTABILITY = YES;
				GCC_C_LANGUAGE_STANDARD = gnu99;
				GCC_DYNAMIC_NO_PIC = NO;
				GCC_NO_COMMON_BLOCKS = YES;
				GCC_OPTIMIZATION_LEVEL = 0;
				GCC_PREPROCESSOR_DEFINITIONS = (
					"DEBUG=1",
					"$(inherited)",
				);
				GCC_WARN_64_TO_32_BIT_CONVERSION = YES;
				GCC_WARN_ABOUT_RETURN_TYPE = YES_ERROR;
				GCC_WARN_UNDECLARED_SELECTOR = YES;
				GCC_WARN_UNINITIALIZED_AUTOS = YES_AGGRESSIVE;
				GCC_WARN_UNUSED_FUNCTION = YES;
				GCC_WARN_UNUSED_VARIABLE = YES;
				IPHONEOS_DEPLOYMENT_TARGET = 9.3;
				MTL_ENABLE_DEBUG_INFO = YES;
				ONLY_ACTIVE_ARCH = YES;
				SDKROOT = iphoneos;
				SWIFT_OPTIMIZATION_LEVEL = "-Onone";
				TARGETED_DEVICE_FAMILY = "1,2";
			};
			name = Debug;
		};
		6856345B1D40D5AE00DB70B0 /* Release */ = {
			isa = XCBuildConfiguration;
			buildSettings = {
				ALWAYS_SEARCH_USER_PATHS = NO;
				CLANG_ANALYZER_NONNULL = YES;
				CLANG_CXX_LANGUAGE_STANDARD = "gnu++0x";
				CLANG_CXX_LIBRARY = "libc++";
				CLANG_ENABLE_MODULES = YES;
				CLANG_ENABLE_OBJC_ARC = YES;
				CLANG_WARN_BOOL_CONVERSION = YES;
				CLANG_WARN_CONSTANT_CONVERSION = YES;
				CLANG_WARN_DIRECT_OBJC_ISA_USAGE = YES_ERROR;
				CLANG_WARN_EMPTY_BODY = YES;
				CLANG_WARN_ENUM_CONVERSION = YES;
				CLANG_WARN_INT_CONVERSION = YES;
				CLANG_WARN_OBJC_ROOT_CLASS = YES_ERROR;
				CLANG_WARN_UNREACHABLE_CODE = YES;
				CLANG_WARN__DUPLICATE_METHOD_MATCH = YES;
				"CODE_SIGN_IDENTITY[sdk=iphoneos*]" = "iPhone Developer";
				COPY_PHASE_STRIP = NO;
				DEBUG_INFORMATION_FORMAT = "dwarf-with-dsym";
				ENABLE_NS_ASSERTIONS = NO;
				ENABLE_STRICT_OBJC_MSGSEND = YES;
				GCC_C_LANGUAGE_STANDARD = gnu99;
				GCC_NO_COMMON_BLOCKS = YES;
				GCC_WARN_64_TO_32_BIT_CONVERSION = YES;
				GCC_WARN_ABOUT_RETURN_TYPE = YES_ERROR;
				GCC_WARN_UNDECLARED_SELECTOR = YES;
				GCC_WARN_UNINITIALIZED_AUTOS = YES_AGGRESSIVE;
				GCC_WARN_UNUSED_FUNCTION = YES;
				GCC_WARN_UNUSED_VARIABLE = YES;
				IPHONEOS_DEPLOYMENT_TARGET = 9.3;
				MTL_ENABLE_DEBUG_INFO = NO;
				SDKROOT = iphoneos;
				TARGETED_DEVICE_FAMILY = "1,2";
				VALIDATE_PRODUCT = YES;
			};
			name = Release;
		};
		6856345D1D40D5AE00DB70B0 /* Debug */ = {
			isa = XCBuildConfiguration;
			buildSettings = {
				ASSETCATALOG_COMPILER_APPICON_NAME = AppIcon;
				EMBEDDED_CONTENT_CONTAINS_SWIFT = YES;
				INFOPLIST_FILE = ORSSRS/Info.plist;
				LD_RUNPATH_SEARCH_PATHS = "$(inherited) @executable_path/Frameworks";
				PRODUCT_BUNDLE_IDENTIFIER = com.maz.it.ORSSRS;
				PRODUCT_NAME = "$(TARGET_NAME)";
			};
			name = Debug;
		};
		6856345E1D40D5AE00DB70B0 /* Release */ = {
			isa = XCBuildConfiguration;
			buildSettings = {
				ASSETCATALOG_COMPILER_APPICON_NAME = AppIcon;
				EMBEDDED_CONTENT_CONTAINS_SWIFT = YES;
				INFOPLIST_FILE = ORSSRS/Info.plist;
				LD_RUNPATH_SEARCH_PATHS = "$(inherited) @executable_path/Frameworks";
				PRODUCT_BUNDLE_IDENTIFIER = com.maz.it.ORSSRS;
				PRODUCT_NAME = "$(TARGET_NAME)";
			};
			name = Release;
		};
		685634601D40D5AE00DB70B0 /* Debug */ = {
			isa = XCBuildConfiguration;
			buildSettings = {
				BUNDLE_LOADER = "$(TEST_HOST)";
				INFOPLIST_FILE = ORSSRSTests/Info.plist;
				LD_RUNPATH_SEARCH_PATHS = "$(inherited) @executable_path/Frameworks @loader_path/Frameworks";
				PRODUCT_BUNDLE_IDENTIFIER = com.maz.it.ORSSRSTests;
				PRODUCT_NAME = "$(TARGET_NAME)";
				TEST_HOST = "$(BUILT_PRODUCTS_DIR)/ORSSRS.app/ORSSRS";
			};
			name = Debug;
		};
		685634611D40D5AE00DB70B0 /* Release */ = {
			isa = XCBuildConfiguration;
			buildSettings = {
				BUNDLE_LOADER = "$(TEST_HOST)";
				INFOPLIST_FILE = ORSSRSTests/Info.plist;
				LD_RUNPATH_SEARCH_PATHS = "$(inherited) @executable_path/Frameworks @loader_path/Frameworks";
				PRODUCT_BUNDLE_IDENTIFIER = com.maz.it.ORSSRSTests;
				PRODUCT_NAME = "$(TARGET_NAME)";
				TEST_HOST = "$(BUILT_PRODUCTS_DIR)/ORSSRS.app/ORSSRS";
			};
			name = Release;
		};
		685634631D40D5AE00DB70B0 /* Debug */ = {
			isa = XCBuildConfiguration;
			buildSettings = {
				INFOPLIST_FILE = ORSSRSUITests/Info.plist;
				LD_RUNPATH_SEARCH_PATHS = "$(inherited) @executable_path/Frameworks @loader_path/Frameworks";
				PRODUCT_BUNDLE_IDENTIFIER = com.maz.it.ORSSRSUITests;
				PRODUCT_NAME = "$(TARGET_NAME)";
				TEST_TARGET_NAME = ORSSRS;
			};
			name = Debug;
		};
		685634641D40D5AE00DB70B0 /* Release */ = {
			isa = XCBuildConfiguration;
			buildSettings = {
				INFOPLIST_FILE = ORSSRSUITests/Info.plist;
				LD_RUNPATH_SEARCH_PATHS = "$(inherited) @executable_path/Frameworks @loader_path/Frameworks";
				PRODUCT_BUNDLE_IDENTIFIER = com.maz.it.ORSSRSUITests;
				PRODUCT_NAME = "$(TARGET_NAME)";
				TEST_TARGET_NAME = ORSSRS;
			};
			name = Release;
		};
		685634781D40D69500DB70B0 /* Debug */ = {
			isa = XCBuildConfiguration;
			buildSettings = {
				INFOPLIST_FILE = "ORSSRS Widget/Info.plist";
				LD_RUNPATH_SEARCH_PATHS = "$(inherited) @executable_path/Frameworks @executable_path/../../Frameworks";
				PRODUCT_BUNDLE_IDENTIFIER = "com.maz.it.ORSSRS.ORSSRS-Widget";
				PRODUCT_NAME = "$(TARGET_NAME)";
				SKIP_INSTALL = YES;
			};
			name = Debug;
		};
		685634791D40D69500DB70B0 /* Release */ = {
			isa = XCBuildConfiguration;
			buildSettings = {
				INFOPLIST_FILE = "ORSSRS Widget/Info.plist";
				LD_RUNPATH_SEARCH_PATHS = "$(inherited) @executable_path/Frameworks @executable_path/../../Frameworks";
				PRODUCT_BUNDLE_IDENTIFIER = "com.maz.it.ORSSRS.ORSSRS-Widget";
				PRODUCT_NAME = "$(TARGET_NAME)";
				SKIP_INSTALL = YES;
			};
			name = Release;
		};
/* End XCBuildConfiguration section */

/* Begin XCConfigurationList section */
		6856342F1D40D5AE00DB70B0 /* Build configuration list for PBXProject "ORSSRS" */ = {
			isa = XCConfigurationList;
			buildConfigurations = (
				6856345A1D40D5AE00DB70B0 /* Debug */,
				6856345B1D40D5AE00DB70B0 /* Release */,
			);
			defaultConfigurationIsVisible = 0;
			defaultConfigurationName = Release;
		};
		6856345C1D40D5AE00DB70B0 /* Build configuration list for PBXNativeTarget "ORSSRS" */ = {
			isa = XCConfigurationList;
			buildConfigurations = (
				6856345D1D40D5AE00DB70B0 /* Debug */,
				6856345E1D40D5AE00DB70B0 /* Release */,
			);
			defaultConfigurationIsVisible = 0;
		};
		6856345F1D40D5AE00DB70B0 /* Build configuration list for PBXNativeTarget "ORSSRSTests" */ = {
			isa = XCConfigurationList;
			buildConfigurations = (
				685634601D40D5AE00DB70B0 /* Debug */,
				685634611D40D5AE00DB70B0 /* Release */,
			);
			defaultConfigurationIsVisible = 0;
		};
		685634621D40D5AE00DB70B0 /* Build configuration list for PBXNativeTarget "ORSSRSUITests" */ = {
			isa = XCConfigurationList;
			buildConfigurations = (
				685634631D40D5AE00DB70B0 /* Debug */,
				685634641D40D5AE00DB70B0 /* Release */,
			);
			defaultConfigurationIsVisible = 0;
		};
		685634771D40D69500DB70B0 /* Build configuration list for PBXNativeTarget "ORSSRS Widget" */ = {
			isa = XCConfigurationList;
			buildConfigurations = (
				685634781D40D69500DB70B0 /* Debug */,
				685634791D40D69500DB70B0 /* Release */,
			);
			defaultConfigurationIsVisible = 0;
		};
/* End XCConfigurationList section */
	};
	rootObject = 6856342C1D40D5AE00DB70B0 /* Project object */;
}
